
Microsoft Visual Studio Solution File, Format Version 12.00
# Visual Studio Version 16
VisualStudioVersion = 16.0.30309.148
MinimumVisualStudioVersion = 10.0.40219.1
Project("{FAE04EC0-301F-11D3-BF4B-00C04F79EFBC}") = "InventorySystem.Web", "InventorySystem.Web\InventorySystem.Web.csproj", "{0E9D100E-6527-4A98-B2EF-FEC87AF21FB2}"
EndProject
Global
	GlobalSection(SolutionConfigurationPlatforms) = preSolution
		Debug|Any CPU = Debug|Any CPU
		Release|Any CPU = Release|Any CPU
	EndGlobalSection
	GlobalSection(ProjectConfigurationPlatforms) = postSolution
		{0E9D100E-6527-4A98-B2EF-FEC87AF21FB2}.Debug|Any CPU.ActiveCfg = Debug|Any CPU
		{0E9D100E-6527-4A98-B2EF-FEC87AF21FB2}.Debug|Any CPU.Build.0 = Debug|Any CPU
		{0E9D100E-6527-4A98-B2EF-FEC87AF21FB2}.Release|Any CPU.ActiveCfg = Release|Any CPU
		{0E9D100E-6527-4A98-B2EF-FEC87AF21FB2}.Release|Any CPU.Build.0 = Release|Any CPU
	EndGlobalSection
	GlobalSection(SolutionProperties) = preSolution
		HideSolutionNode = FALSE
	EndGlobalSection
	GlobalSection(ExtensibilityGlobals) = postSolution
		SolutionGuid = {4A75097B-F097-477F-8781-2B566D314FE6}
	EndGlobalSection
EndGlobal
